
Microsoft Visual Studio Solution File, Format Version 12.00
# Visual Studio Version 16
VisualStudioVersion = 16.0.32630.194
MinimumVisualStudioVersion = 10.0.40219.1
Project("{FAE04EC0-301F-11D3-BF4B-00C04F79EFBC}") = "VehiclesTrains", "VehiclesTrains.csproj", "{651F4424-E963-4BA0-845B-A07F5010D20B}"
EndProject
Global
	GlobalSection(SolutionConfigurationPlatforms) = preSolution
		Debug|Any CPU = Debug|Any CPU
		Release|Any CPU = Release|Any CPU
	EndGlobalSection
	GlobalSection(ProjectConfigurationPlatforms) = postSolution
		{651F4424-E963-4BA0-845B-A07F5010D20B}.Debug|Any CPU.ActiveCfg = Debug|Any CPU
		{651F4424-E963-4BA0-845B-A07F5010D20B}.Debug|Any CPU.Build.0 = Debug|Any CPU
		{651F4424-E963-4BA0-845B-A07F5010D20B}.Release|Any CPU.ActiveCfg = Release|Any CPU
		{651F4424-E963-4BA0-845B-A07F5010D20B}.Release|Any CPU.Build.0 = Release|Any CPU
	EndGlobalSection
	GlobalSection(SolutionProperties) = preSolution
		HideSolutionNode = FALSE
	EndGlobalSection
	GlobalSection(ExtensibilityGlobals) = postSolution
		SolutionGuid = {19569D1E-140F-465D-B3EC-A5BE4392E4B1}
	EndGlobalSection
EndGlobal
